// !$*UTF8*$!
{
	archiveVersion = 1;
	classes = {
	};
	objectVersion = 46;
	objects = {

/* Begin PBXBuildFile section */
		2C7EF7021E50A24300A8C245 /* AppDelegate.swift in Sources */ = {isa = PBXBuildFile; fileRef = 2C7EF7011E50A24300A8C245 /* AppDelegate.swift */; };
		2C7EF7041E50A24300A8C245 /* ViewController.swift in Sources */ = {isa = PBXBuildFile; fileRef = 2C7EF7031E50A24300A8C245 /* ViewController.swift */; };
		2C7EF7071E50A24300A8C245 /* Main.storyboard in Resources */ = {isa = PBXBuildFile; fileRef = 2C7EF7051E50A24300A8C245 /* Main.storyboard */; };
		2C7EF7091E50A24300A8C245 /* Assets.xcassets in Resources */ = {isa = PBXBuildFile; fileRef = 2C7EF7081E50A24300A8C245 /* Assets.xcassets */; };
		2C7EF70C1E50A24300A8C245 /* LaunchScreen.storyboard in Resources */ = {isa = PBXBuildFile; fileRef = 2C7EF70A1E50A24300A8C245 /* LaunchScreen.storyboard */; };
		F864D0FAB141363C5F277086 /* Pods_ConnectMusicsSample.framework in Frameworks */ = {isa = PBXBuildFile; fileRef = A301895556994FC16251E3FD /* Pods_ConnectMusicsSample.framework */; };
/* End PBXBuildFile section */

/* Begin PBXFileReference section */
		2C7EF6FE1E50A24300A8C245 /* ConnectMusicsSample.app */ = {isa = PBXFileReference; explicitFileType = wrapper.application; includeInIndex = 0; path = ConnectMusicsSample.app; sourceTree = BUILT_PRODUCTS_DIR; };
		2C7EF7011E50A24300A8C245 /* AppDelegate.swift */ = {isa = PBXFileReference; lastKnownFileType = sourcecode.swift; path = AppDelegate.swift; sourceTree = "<group>"; };
		2C7EF7031E50A24300A8C245 /* ViewController.swift */ = {isa = PBXFileReference; lastKnownFileType = sourcecode.swift; path = ViewController.swift; sourceTree = "<group>"; };
		2C7EF7061E50A24300A8C245 /* Base */ = {isa = PBXFileReference; lastKnownFileType = file.storyboard; name = Base; path = Base.lproj/Main.storyboard; sourceTree = "<group>"; };
		2C7EF7081E50A24300A8C245 /* Assets.xcassets */ = {isa = PBXFileReference; lastKnownFileType = folder.assetcatalog; path = Assets.xcassets; sourceTree = "<group>"; };
		2C7EF70B1E50A24300A8C245 /* Base */ = {isa = PBXFileReference; lastKnownFileType = file.storyboard; name = Base; path = Base.lproj/LaunchScreen.storyboard; sourceTree = "<group>"; };
		2C7EF70D1E50A24300A8C245 /* Info.plist */ = {isa = PBXFileReference; lastKnownFileType = text.plist.xml; path = Info.plist; sourceTree = "<group>"; };
		46EF5BBA349F218918DC06BE /* Pods-ConnectMusicsSample.debug.xcconfig */ = {isa = PBXFileReference; includeInIndex = 1; lastKnownFileType = text.xcconfig; name = "Pods-ConnectMusicsSample.debug.xcconfig"; path = "Pods/Target Support Files/Pods-ConnectMusicsSample/Pods-ConnectMusicsSample.debug.xcconfig"; sourceTree = "<group>"; };
		A301895556994FC16251E3FD /* Pods_ConnectMusicsSample.framework */ = {isa = PBXFileReference; explicitFileType = wrapper.framework; includeInIndex = 0; path = Pods_ConnectMusicsSample.framework; sourceTree = BUILT_PRODUCTS_DIR; };
		EAFF4C35A228A47DBCACA5F1 /* Pods-ConnectMusicsSample.release.xcconfig */ = {isa = PBXFileReference; includeInIndex = 1; lastKnownFileType = text.xcconfig; name = "Pods-ConnectMusicsSample.release.xcconfig"; path = "Pods/Target Support Files/Pods-ConnectMusicsSample/Pods-ConnectMusicsSample.release.xcconfig"; sourceTree = "<group>"; };
/* End PBXFileReference section */

/* Begin PBXFrameworksBuildPhase section */
		2C7EF6FB1E50A24300A8C245 /* Frameworks */ = {
			isa = PBXFrameworksBuildPhase;
			buildActionMask = 2147483647;
			files = (
				F864D0FAB141363C5F277086 /* Pods_ConnectMusicsSample.framework in Frameworks */,
			);
			runOnlyForDeploymentPostprocessing = 0;
		};
/* End PBXFrameworksBuildPhase section */

/* Begin PBXGroup section */
		01A3E9B5BC556B86FF08FE7A /* Frameworks */ = {
			isa = PBXGroup;
			children = (
				A301895556994FC16251E3FD /* Pods_ConnectMusicsSample.framework */,
			);
			name = Frameworks;
			sourceTree = "<group>";
		};
		13AE485BADA2B74A87BCA2ED /* Pods */ = {
			isa = PBXGroup;
			children = (
				46EF5BBA349F218918DC06BE /* Pods-ConnectMusicsSample.debug.xcconfig */,
				EAFF4C35A228A47DBCACA5F1 /* Pods-ConnectMusicsSample.release.xcconfig */,
			);
			name = Pods;
			sourceTree = "<group>";
		};
		2C7EF6F51E50A24300A8C245 = {
			isa = PBXGroup;
			children = (
				2C7EF7001E50A24300A8C245 /* ConnectMusicsSample */,
				2C7EF6FF1E50A24300A8C245 /* Products */,
				13AE485BADA2B74A87BCA2ED /* Pods */,
				01A3E9B5BC556B86FF08FE7A /* Frameworks */,
			);
			sourceTree = "<group>";
		};
		2C7EF6FF1E50A24300A8C245 /* Products */ = {
			isa = PBXGroup;
			children = (
				2C7EF6FE1E50A24300A8C245 /* ConnectMusicsSample.app */,
			);
			name = Products;
			sourceTree = "<group>";
		};
		2C7EF7001E50A24300A8C245 /* ConnectMusicsSample */ = {
			isa = PBXGroup;
			children = (
				2C7EF7011E50A24300A8C245 /* AppDelegate.swift */,
				2C7EF7031E50A24300A8C245 /* ViewController.swift */,
				2C7EF7051E50A24300A8C245 /* Main.storyboard */,
				2C7EF7081E50A24300A8C245 /* Assets.xcassets */,
				2C7EF70A1E50A24300A8C245 /* LaunchScreen.storyboard */,
				2C7EF70D1E50A24300A8C245 /* Info.plist */,
			);
			path = ConnectMusicsSample;
			sourceTree = "<group>";
		};
/* End PBXGroup section */

/* Begin PBXNativeTarget section */
		2C7EF6FD1E50A24300A8C245 /* ConnectMusicsSample */ = {
			isa = PBXNativeTarget;
			buildConfigurationList = 2C7EF7101E50A24300A8C245 /* Build configuration list for PBXNativeTarget "ConnectMusicsSample" */;
			buildPhases = (
				63E98001722E9D9F402B5277 /* [CP] Check Pods Manifest.lock */,
				2C7EF6FA1E50A24300A8C245 /* Sources */,
				2C7EF6FB1E50A24300A8C245 /* Frameworks */,
				2C7EF6FC1E50A24300A8C245 /* Resources */,
				8857929AD497DAEF8192B049 /* [CP] Embed Pods Frameworks */,
				F11E8EE3108C1B224B6A74FB /* [CP] Copy Pods Resources */,
			);
			buildRules = (
			);
			dependencies = (
			);
			name = ConnectMusicsSample;
			productName = ConnectMusicsSample;
			productReference = 2C7EF6FE1E50A24300A8C245 /* ConnectMusicsSample.app */;
			productType = "com.apple.product-type.application";
		};
/* End PBXNativeTarget section */

/* Begin PBXProject section */
		2C7EF6F61E50A24300A8C245 /* Project object */ = {
			isa = PBXProject;
			attributes = {
				LastSwiftUpdateCheck = 0820;
				LastUpgradeCheck = 0820;
				ORGANIZATIONNAME = com.github.shemana.application;
				TargetAttributes = {
					2C7EF6FD1E50A24300A8C245 = {
						CreatedOnToolsVersion = 8.2.1;
						DevelopmentTeam = D4GMNKX6R5;
						ProvisioningStyle = Automatic;
					};
				};
			};
			buildConfigurationList = 2C7EF6F91E50A24300A8C245 /* Build configuration list for PBXProject "ConnectMusicsSample" */;
			compatibilityVersion = "Xcode 3.2";
			developmentRegion = English;
			hasScannedForEncodings = 0;
			knownRegions = (
				en,
				Base,
			);
			mainGroup = 2C7EF6F51E50A24300A8C245;
			productRefGroup = 2C7EF6FF1E50A24300A8C245 /* Products */;
			projectDirPath = "";
			projectRoot = "";
			targets = (
				2C7EF6FD1E50A24300A8C245 /* ConnectMusicsSample */,
			);
		};
/* End PBXProject section */

/* Begin PBXResourcesBuildPhase section */
		2C7EF6FC1E50A24300A8C245 /* Resources */ = {
			isa = PBXResourcesBuildPhase;
			buildActionMask = 2147483647;
			files = (
				2C7EF70C1E50A24300A8C245 /* LaunchScreen.storyboard in Resources */,
				2C7EF7091E50A24300A8C245 /* Assets.xcassets in Resources */,
				2C7EF7071E50A24300A8C245 /* Main.storyboard in Resources */,
			);
			runOnlyForDeploymentPostprocessing = 0;
		};
/* End PBXResourcesBuildPhase section */

/* Begin PBXShellScriptBuildPhase section */
		63E98001722E9D9F402B5277 /* [CP] Check Pods Manifest.lock */ = {
			isa = PBXShellScriptBuildPhase;
			buildActionMask = 2147483647;
			files = (
			);
			inputPaths = (
			);
			name = "[CP] Check Pods Manifest.lock";
			outputPaths = (
			);
			runOnlyForDeploymentPostprocessing = 0;
			shellPath = /bin/sh;
			shellScript = "diff \"${PODS_ROOT}/../Podfile.lock\" \"${PODS_ROOT}/Manifest.lock\" > /dev/null\nif [ $? != 0 ] ; then\n    # print error to STDERR\n    echo \"error: The sandbox is not in sync with the Podfile.lock. Run 'pod install' or update your CocoaPods installation.\" >&2\n    exit 1\nfi\n";
			showEnvVarsInLog = 0;
		};
		8857929AD497DAEF8192B049 /* [CP] Embed Pods Frameworks */ = {
			isa = PBXShellScriptBuildPhase;
			buildActionMask = 2147483647;
			files = (
			);
			inputPaths = (
			);
			name = "[CP] Embed Pods Frameworks";
			outputPaths = (
			);
			runOnlyForDeploymentPostprocessing = 0;
			shellPath = /bin/sh;
			shellScript = "\"${SRCROOT}/Pods/Target Support Files/Pods-ConnectMusicsSample/Pods-ConnectMusicsSample-frameworks.sh\"\n";
			showEnvVarsInLog = 0;
		};
		F11E8EE3108C1B224B6A74FB /* [CP] Copy Pods Resources */ = {
			isa = PBXShellScriptBuildPhase;
			buildActionMask = 2147483647;
			files = (
			);
			inputPaths = (
			);
			name = "[CP] Copy Pods Resources";
			outputPaths = (
			);
			runOnlyForDeploymentPostprocessing = 0;
			shellPath = /bin/sh;
			shellScript = "\"${SRCROOT}/Pods/Target Support Files/Pods-ConnectMusicsSample/Pods-ConnectMusicsSample-resources.sh\"\n";
			showEnvVarsInLog = 0;
		};
/* End PBXShellScriptBuildPhase section */

/* Begin PBXSourcesBuildPhase section */
		2C7EF6FA1E50A24300A8C245 /* Sources */ = {
			isa = PBXSourcesBuildPhase;
			buildActionMask = 2147483647;
			files = (
				2C7EF7041E50A24300A8C245 /* ViewController.swift in Sources */,
				2C7EF7021E50A24300A8C245 /* AppDelegate.swift in Sources */,
			);
			runOnlyForDeploymentPostprocessing = 0;
		};
/* End PBXSourcesBuildPhase section */

/* Begin PBXVariantGroup section */
		2C7EF7051E50A24300A8C245 /* Main.storyboard */ = {
			isa = PBXVariantGroup;
			children = (
				2C7EF7061E50A24300A8C245 /* Base */,
			);
			name = Main.storyboard;
			sourceTree = "<group>";
		};
		2C7EF70A1E50A24300A8C245 /* LaunchScreen.storyboard */ = {
			isa = PBXVariantGroup;
			children = (
				2C7EF70B1E50A24300A8C245 /* Base */,
			);
			name = LaunchScreen.storyboard;
			sourceTree = "<group>";
		};
/* End PBXVariantGroup section */

/* Begin XCBuildConfiguration section */
		2C7EF70E1E50A24300A8C245 /* Debug */ = {
			isa = XCBuildConfiguration;
			buildSettings = {
				ALWAYS_SEARCH_USER_PATHS = NO;
				CLANG_ANALYZER_NONNULL = YES;
				CLANG_CXX_LANGUAGE_STANDARD = "gnu++0x";
				CLANG_CXX_LIBRARY = "libc++";
				CLANG_ENABLE_MODULES = YES;
				CLANG_ENABLE_OBJC_ARC = YES;
				CLANG_WARN_BOOL_CONVERSION = YES;
				CLANG_WARN_CONSTANT_CONVERSION = YES;
				CLANG_WARN_DIRECT_OBJC_ISA_USAGE = YES_ERROR;
				CLANG_WARN_DOCUMENTATION_COMMENTS = YES;
				CLANG_WARN_EMPTY_BODY = YES;
				CLANG_WARN_ENUM_CONVERSION = YES;
				CLANG_WARN_INFINITE_RECURSION = YES;
				CLANG_WARN_INT_CONVERSION = YES;
				CLANG_WARN_OBJC_ROOT_CLASS = YES_ERROR;
				CLANG_WARN_SUSPICIOUS_MOVE = YES;
				CLANG_WARN_UNREACHABLE_CODE = YES;
				CLANG_WARN__DUPLICATE_METHOD_MATCH = YES;
				"CODE_SIGN_IDENTITY[sdk=iphoneos*]" = "iPhone Developer";
				COPY_PHASE_STRIP = NO;
				DEBUG_INFORMATION_FORMAT = dwarf;
				ENABLE_STRICT_OBJC_MSGSEND = YES;
				ENABLE_TESTABILITY = YES;
				GCC_C_LANGUAGE_STANDARD = gnu99;
				GCC_DYNAMIC_NO_PIC = NO;
				GCC_NO_COMMON_BLOCKS = YES;
				GCC_OPTIMIZATION_LEVEL = 0;
				GCC_PREPROCESSOR_DEFINITIONS = (
					"DEBUG=1",
					"$(inherited)",
				);
				GCC_WARN_64_TO_32_BIT_CONVERSION = YES;
				GCC_WARN_ABOUT_RETURN_TYPE = YES_ERROR;
				GCC_WARN_UNDECLARED_SELECTOR = YES;
				GCC_WARN_UNINITIALIZED_AUTOS = YES_AGGRESSIVE;
				GCC_WARN_UNUSED_FUNCTION = YES;
				GCC_WARN_UNUSED_VARIABLE = YES;
				IPHONEOS_DEPLOYMENT_TARGET = 10.2;
				MTL_ENABLE_DEBUG_INFO = YES;
				ONLY_ACTIVE_ARCH = YES;
				SDKROOT = iphoneos;
				SWIFT_ACTIVE_COMPILATION_CONDITIONS = DEBUG;
				SWIFT_OPTIMIZATION_LEVEL = "-Onone";
			};
			name = Debug;
		};
		2C7EF70F1E50A24300A8C245 /* Release */ = {
			isa = XCBuildConfiguration;
			buildSettings = {
				ALWAYS_SEARCH_USER_PATHS = NO;
				CLANG_ANALYZER_NONNULL = YES;
				CLANG_CXX_LANGUAGE_STANDARD = "gnu++0x";
				CLANG_CXX_LIBRARY = "libc++";
				CLANG_ENABLE_MODULES = YES;
				CLANG_ENABLE_OBJC_ARC = YES;
				CLANG_WARN_BOOL_CONVERSION = YES;
				CLANG_WARN_CONSTANT_CONVERSION = YES;
				CLANG_WARN_DIRECT_OBJC_ISA_USAGE = YES_ERROR;
				CLANG_WARN_DOCUMENTATION_COMMENTS = YES;
				CLANG_WARN_EMPTY_BODY = YES;
				CLANG_WARN_ENUM_CONVERSION = YES;
				CLANG_WARN_INFINITE_RECURSION = YES;
				CLANG_WARN_INT_CONVERSION = YES;
				CLANG_WARN_OBJC_ROOT_CLASS = YES_ERROR;
				CLANG_WARN_SUSPICIOUS_MOVE = YES;
				CLANG_WARN_UNREACHABLE_CODE = YES;
				CLANG_WARN__DUPLICATE_METHOD_MATCH = YES;
				"CODE_SIGN_IDENTITY[sdk=iphoneos*]" = "iPhone Developer";
				COPY_PHASE_STRIP = NO;
				DEBUG_INFORMATION_FORMAT = "dwarf-with-dsym";
				ENABLE_NS_ASSERTIONS = NO;
				ENABLE_STRICT_OBJC_MSGSEND = YES;
				GCC_C_LANGUAGE_STANDARD = gnu99;
				GCC_NO_COMMON_BLOCKS = YES;
				GCC_WARN_64_TO_32_BIT_CONVERSION = YES;
				GCC_WARN_ABOUT_RETURN_TYPE = YES_ERROR;
				GCC_WARN_UNDECLARED_SELECTOR = YES;
				GCC_WARN_UNINITIALIZED_AUTOS = YES_AGGRESSIVE;
				GCC_WARN_UNUSED_FUNCTION = YES;
				GCC_WARN_UNUSED_VARIABLE = YES;
				IPHONEOS_DEPLOYMENT_TARGET = 10.2;
				MTL_ENABLE_DEBUG_INFO = NO;
				SDKROOT = iphoneos;
				SWIFT_OPTIMIZATION_LEVEL = "-Owholemodule";
				VALIDATE_PRODUCT = YES;
			};
			name = Release;
		};
		2C7EF7111E50A24300A8C245 /* Debug */ = {
			isa = XCBuildConfiguration;
			baseConfigurationReference = 46EF5BBA349F218918DC06BE /* Pods-ConnectMusicsSample.debug.xcconfig */;
			buildSettings = {
				ASSETCATALOG_COMPILER_APPICON_NAME = AppIcon;
				DEVELOPMENT_TEAM = D4GMNKX6R5;
				INFOPLIST_FILE = ConnectMusicsSample/Info.plist;
				LD_RUNPATH_SEARCH_PATHS = "$(inherited) @executable_path/Frameworks";
				PRODUCT_BUNDLE_IDENTIFIER = com.github.shemana.ConnectMusicsSample;
				PRODUCT_NAME = "$(TARGET_NAME)";
				SWIFT_VERSION = 3.0;
			};
			name = Debug;
		};
		2C7EF7121E50A24300A8C245 /* Release */ = {
			isa = XCBuildConfiguration;
			baseConfigurationReference = EAFF4C35A228A47DBCACA5F1 /* Pods-ConnectMusicsSample.release.xcconfig */;
			buildSettings = {
				ASSETCATALOG_COMPILER_APPICON_NAME = AppIcon;
				DEVELOPMENT_TEAM = D4GMNKX6R5;
				INFOPLIST_FILE = ConnectMusicsSample/Info.plist;
				LD_RUNPATH_SEARCH_PATHS = "$(inherited) @executable_path/Frameworks";
				PRODUCT_BUNDLE_IDENTIFIER = com.github.shemana.ConnectMusicsSample;
				PRODUCT_NAME = "$(TARGET_NAME)";
				SWIFT_VERSION = 3.0;
			};
			name = Release;
		};
/* End XCBuildConfiguration section */

/* Begin XCConfigurationList section */
		2C7EF6F91E50A24300A8C245 /* Build configuration list for PBXProject "ConnectMusicsSample" */ = {
			isa = XCConfigurationList;
			buildConfigurations = (
				2C7EF70E1E50A24300A8C245 /* Debug */,
				2C7EF70F1E50A24300A8C245 /* Release */,
			);
			defaultConfigurationIsVisible = 0;
			defaultConfigurationName = Release;
		};
		2C7EF7101E50A24300A8C245 /* Build configuration list for PBXNativeTarget "ConnectMusicsSample" */ = {
			isa = XCConfigurationList;
			buildConfigurations = (
				2C7EF7111E50A24300A8C245 /* Debug */,
				2C7EF7121E50A24300A8C245 /* Release */,
			);
			defaultConfigurationIsVisible = 0;
			defaultConfigurationName = Release;
		};
/* End XCConfigurationList section */
	};
	rootObject = 2C7EF6F61E50A24300A8C245 /* Project object */;
}
